
Microsoft Visual Studio Solution File, Format Version 12.00
# Visual Studio Version 17
VisualStudioVersion = 17.4.33213.308
MinimumVisualStudioVersion = 10.0.40219.1
Project("{FAE04EC0-301F-11D3-BF4B-00C04F79EFBC}") = "Studentmgt", "Studentmgt\Studentmgt.csproj", "{04D5339B-707A-4E78-8E95-25C847E302DE}"
EndProject
Global
	GlobalSection(SolutionConfigurationPlatforms) = preSolution
		Debug|Any CPU = Debug|Any CPU
		Release|Any CPU = Release|Any CPU
	EndGlobalSection
	GlobalSection(ProjectConfigurationPlatforms) = postSolution
		{04D5339B-707A-4E78-8E95-25C847E302DE}.Debug|Any CPU.ActiveCfg = Debug|Any CPU
		{04D5339B-707A-4E78-8E95-25C847E302DE}.Debug|Any CPU.Build.0 = Debug|Any CPU
		{04D5339B-707A-4E78-8E95-25C847E302DE}.Release|Any CPU.ActiveCfg = Release|Any CPU
		{04D5339B-707A-4E78-8E95-25C847E302DE}.Release|Any CPU.Build.0 = Release|Any CPU
	EndGlobalSection
	GlobalSection(SolutionProperties) = preSolution
		HideSolutionNode = FALSE
	EndGlobalSection
	GlobalSection(ExtensibilityGlobals) = postSolution
		SolutionGuid = {7E51991E-358F-4265-9191-40BC4589B4D8}
	EndGlobalSection
EndGlobal
